// !$*UTF8*$!
{
	archiveVersion = 1;
	classes = {
	};
	objectVersion = 56;
	objects = {

/* Begin PBXBuildFile section */
		CF98922529E93318008F876A /* AppDelegate.swift in Sources */ = {isa = PBXBuildFile; fileRef = CF98922429E93318008F876A /* AppDelegate.swift */; };
		CF98922729E93318008F876A /* SceneDelegate.swift in Sources */ = {isa = PBXBuildFile; fileRef = CF98922629E93318008F876A /* SceneDelegate.swift */; };
		CF98922929E93318008F876A /* MainTabbarController.swift in Sources */ = {isa = PBXBuildFile; fileRef = CF98922829E93318008F876A /* MainTabbarController.swift */; };
		CF98922E29E93319008F876A /* Assets.xcassets in Resources */ = {isa = PBXBuildFile; fileRef = CF98922D29E93319008F876A /* Assets.xcassets */; };
		CF98923129E93319008F876A /* LaunchScreen.storyboard in Resources */ = {isa = PBXBuildFile; fileRef = CF98922F29E93319008F876A /* LaunchScreen.storyboard */; };
		CF98923E29E940EF008F876A /* AllBooksViewController.swift in Sources */ = {isa = PBXBuildFile; fileRef = CF98923D29E940EF008F876A /* AllBooksViewController.swift */; };
		CF98924029E94212008F876A /* ReadBooksViewController.swift in Sources */ = {isa = PBXBuildFile; fileRef = CF98923F29E94212008F876A /* ReadBooksViewController.swift */; };
		CF98924229E94232008F876A /* SettingViewController.swift in Sources */ = {isa = PBXBuildFile; fileRef = CF98924129E94232008F876A /* SettingViewController.swift */; };
		CFC5911429ECDFB2005025C1 /* LoginViewController.swift in Sources */ = {isa = PBXBuildFile; fileRef = CFC5911329ECDFB2005025C1 /* LoginViewController.swift */; };
		CFC5911729ECE638005025C1 /* UITextField+.swift in Sources */ = {isa = PBXBuildFile; fileRef = CFC5911629ECE638005025C1 /* UITextField+.swift */; };
		CFC5911A29ECFED7005025C1 /* RegExOfTextField.swift in Sources */ = {isa = PBXBuildFile; fileRef = CFC5911929ECFED7005025C1 /* RegExOfTextField.swift */; };
		CFC5911C29ED0980005025C1 /* UIApplication+.swift in Sources */ = {isa = PBXBuildFile; fileRef = CFC5911B29ED0980005025C1 /* UIApplication+.swift */; };
		CFC5911F29ED0D3C005025C1 /* FirebaseAuthManager.swift in Sources */ = {isa = PBXBuildFile; fileRef = CFC5911E29ED0D3C005025C1 /* FirebaseAuthManager.swift */; };
		CFC5912129ED25F6005025C1 /* SignUpViewController.swift in Sources */ = {isa = PBXBuildFile; fileRef = CFC5912029ED25F6005025C1 /* SignUpViewController.swift */; };
		CFC5912329ED3749005025C1 /* PdfList.swift in Sources */ = {isa = PBXBuildFile; fileRef = CFC5912229ED3749005025C1 /* PdfList.swift */; };
		CFF8074829ECC2E400402CCD /* BooksCollectionViewCell.swift in Sources */ = {isa = PBXBuildFile; fileRef = CFF8074729ECC2E400402CCD /* BooksCollectionViewCell.swift */; };
		CFF8074A29ECD2E400402CCD /* LoginInformationView.swift in Sources */ = {isa = PBXBuildFile; fileRef = CFF8074929ECD2E400402CCD /* LoginInformationView.swift */; };
		CFF8074C29ECDCAD00402CCD /* GoogleService-Info.plist in Resources */ = {isa = PBXBuildFile; fileRef = CFF8074B29ECDCAD00402CCD /* GoogleService-Info.plist */; };
		FFAA42635A68942650DFF9AB /* Pods_Hongbrary.framework in Frameworks */ = {isa = PBXBuildFile; fileRef = A749B688D72B4D6B23AEB367 /* Pods_Hongbrary.framework */; };
/* End PBXBuildFile section */

/* Begin PBXFileReference section */
		A749B688D72B4D6B23AEB367 /* Pods_Hongbrary.framework */ = {isa = PBXFileReference; explicitFileType = wrapper.framework; includeInIndex = 0; path = Pods_Hongbrary.framework; sourceTree = BUILT_PRODUCTS_DIR; };
		A9DE5918698D894A9484B50D /* Pods-Hongbrary.release.xcconfig */ = {isa = PBXFileReference; includeInIndex = 1; lastKnownFileType = text.xcconfig; name = "Pods-Hongbrary.release.xcconfig"; path = "Target Support Files/Pods-Hongbrary/Pods-Hongbrary.release.xcconfig"; sourceTree = "<group>"; };
		CF98922129E93318008F876A /* Hongbrary.app */ = {isa = PBXFileReference; explicitFileType = wrapper.application; includeInIndex = 0; path = Hongbrary.app; sourceTree = BUILT_PRODUCTS_DIR; };
		CF98922429E93318008F876A /* AppDelegate.swift */ = {isa = PBXFileReference; lastKnownFileType = sourcecode.swift; path = AppDelegate.swift; sourceTree = "<group>"; };
		CF98922629E93318008F876A /* SceneDelegate.swift */ = {isa = PBXFileReference; lastKnownFileType = sourcecode.swift; path = SceneDelegate.swift; sourceTree = "<group>"; };
		CF98922829E93318008F876A /* MainTabbarController.swift */ = {isa = PBXFileReference; lastKnownFileType = sourcecode.swift; path = MainTabbarController.swift; sourceTree = "<group>"; };
		CF98922D29E93319008F876A /* Assets.xcassets */ = {isa = PBXFileReference; lastKnownFileType = folder.assetcatalog; path = Assets.xcassets; sourceTree = "<group>"; };
		CF98923029E93319008F876A /* Base */ = {isa = PBXFileReference; lastKnownFileType = file.storyboard; name = Base; path = Base.lproj/LaunchScreen.storyboard; sourceTree = "<group>"; };
		CF98923229E93319008F876A /* Info.plist */ = {isa = PBXFileReference; lastKnownFileType = text.plist.xml; path = Info.plist; sourceTree = "<group>"; };
		CF98923D29E940EF008F876A /* AllBooksViewController.swift */ = {isa = PBXFileReference; lastKnownFileType = sourcecode.swift; path = AllBooksViewController.swift; sourceTree = "<group>"; };
		CF98923F29E94212008F876A /* ReadBooksViewController.swift */ = {isa = PBXFileReference; lastKnownFileType = sourcecode.swift; path = ReadBooksViewController.swift; sourceTree = "<group>"; };
		CF98924129E94232008F876A /* SettingViewController.swift */ = {isa = PBXFileReference; lastKnownFileType = sourcecode.swift; path = SettingViewController.swift; sourceTree = "<group>"; };
		CFC5911329ECDFB2005025C1 /* LoginViewController.swift */ = {isa = PBXFileReference; lastKnownFileType = sourcecode.swift; path = LoginViewController.swift; sourceTree = "<group>"; };
		CFC5911629ECE638005025C1 /* UITextField+.swift */ = {isa = PBXFileReference; lastKnownFileType = sourcecode.swift; path = "UITextField+.swift"; sourceTree = "<group>"; };
		CFC5911929ECFED7005025C1 /* RegExOfTextField.swift */ = {isa = PBXFileReference; lastKnownFileType = sourcecode.swift; path = RegExOfTextField.swift; sourceTree = "<group>"; };
		CFC5911B29ED0980005025C1 /* UIApplication+.swift */ = {isa = PBXFileReference; lastKnownFileType = sourcecode.swift; path = "UIApplication+.swift"; sourceTree = "<group>"; };
		CFC5911E29ED0D3C005025C1 /* FirebaseAuthManager.swift */ = {isa = PBXFileReference; lastKnownFileType = sourcecode.swift; path = FirebaseAuthManager.swift; sourceTree = "<group>"; };
		CFC5912029ED25F6005025C1 /* SignUpViewController.swift */ = {isa = PBXFileReference; lastKnownFileType = sourcecode.swift; path = SignUpViewController.swift; sourceTree = "<group>"; };
		CFC5912229ED3749005025C1 /* PdfList.swift */ = {isa = PBXFileReference; lastKnownFileType = sourcecode.swift; path = PdfList.swift; sourceTree = "<group>"; };
		CFF8074729ECC2E400402CCD /* BooksCollectionViewCell.swift */ = {isa = PBXFileReference; lastKnownFileType = sourcecode.swift; path = BooksCollectionViewCell.swift; sourceTree = "<group>"; };
		CFF8074929ECD2E400402CCD /* LoginInformationView.swift */ = {isa = PBXFileReference; lastKnownFileType = sourcecode.swift; path = LoginInformationView.swift; sourceTree = "<group>"; };
		CFF8074B29ECDCAD00402CCD /* GoogleService-Info.plist */ = {isa = PBXFileReference; fileEncoding = 4; lastKnownFileType = text.plist.xml; path = "GoogleService-Info.plist"; sourceTree = "<group>"; };
		F6694E284DB1A5F26C7CD5B3 /* Pods-Hongbrary.debug.xcconfig */ = {isa = PBXFileReference; includeInIndex = 1; lastKnownFileType = text.xcconfig; name = "Pods-Hongbrary.debug.xcconfig"; path = "Target Support Files/Pods-Hongbrary/Pods-Hongbrary.debug.xcconfig"; sourceTree = "<group>"; };
/* End PBXFileReference section */

/* Begin PBXFrameworksBuildPhase section */
		CF98921E29E93318008F876A /* Frameworks */ = {
			isa = PBXFrameworksBuildPhase;
			buildActionMask = 2147483647;
			files = (
				FFAA42635A68942650DFF9AB /* Pods_Hongbrary.framework in Frameworks */,
			);
			runOnlyForDeploymentPostprocessing = 0;
		};
/* End PBXFrameworksBuildPhase section */

/* Begin PBXGroup section */
		4170EB50A4EE99E5DA6C7E5E /* Frameworks */ = {
			isa = PBXGroup;
			children = (
				A749B688D72B4D6B23AEB367 /* Pods_Hongbrary.framework */,
			);
			name = Frameworks;
			sourceTree = "<group>";
		};
		8F1D22EDA75107B002B21FEE /* Pods */ = {
			isa = PBXGroup;
			children = (
				F6694E284DB1A5F26C7CD5B3 /* Pods-Hongbrary.debug.xcconfig */,
				A9DE5918698D894A9484B50D /* Pods-Hongbrary.release.xcconfig */,
			);
			path = Pods;
			sourceTree = "<group>";
		};
		CF98921829E93318008F876A = {
			isa = PBXGroup;
			children = (
				CFF8074B29ECDCAD00402CCD /* GoogleService-Info.plist */,
				CF98922329E93318008F876A /* Hongbrary */,
				CF98922229E93318008F876A /* Products */,
				8F1D22EDA75107B002B21FEE /* Pods */,
				4170EB50A4EE99E5DA6C7E5E /* Frameworks */,
			);
			sourceTree = "<group>";
		};
		CF98922229E93318008F876A /* Products */ = {
			isa = PBXGroup;
			children = (
				CF98922129E93318008F876A /* Hongbrary.app */,
			);
			name = Products;
			sourceTree = "<group>";
		};
		CF98922329E93318008F876A /* Hongbrary */ = {
			isa = PBXGroup;
			children = (
				CF98922429E93318008F876A /* AppDelegate.swift */,
				CF98922629E93318008F876A /* SceneDelegate.swift */,
				CFC5911D29ED0D2C005025C1 /* Managers */,
				CFC5911829ECFEBF005025C1 /* Shared */,
				CFC5911529ECE620005025C1 /* Extension+ */,
				CF98923829E93DDF008F876A /* ViewController */,
				CF98922D29E93319008F876A /* Assets.xcassets */,
				CF98922F29E93319008F876A /* LaunchScreen.storyboard */,
				CF98923229E93319008F876A /* Info.plist */,
			);
			path = Hongbrary;
			sourceTree = "<group>";
		};
		CF98923829E93DDF008F876A /* ViewController */ = {
			isa = PBXGroup;
			children = (
				CF98923929E9406F008F876A /* TabItems */,
				CF98922829E93318008F876A /* MainTabbarController.swift */,
				CFC5911329ECDFB2005025C1 /* LoginViewController.swift */,
				CFC5912029ED25F6005025C1 /* SignUpViewController.swift */,
			);
			path = ViewController;
			sourceTree = "<group>";
		};
		CF98923929E9406F008F876A /* TabItems */ = {
			isa = PBXGroup;
			children = (
				CF98923A29E94079008F876A /* AllBooks */,
				CF98923B29E94084008F876A /* ReadBooks */,
				CF98923C29E9409A008F876A /* Setting */,
			);
			path = TabItems;
			sourceTree = "<group>";
		};
		CF98923A29E94079008F876A /* AllBooks */ = {
			isa = PBXGroup;
			children = (
				CF98923D29E940EF008F876A /* AllBooksViewController.swift */,
				CFF8074729ECC2E400402CCD /* BooksCollectionViewCell.swift */,
			);
			path = AllBooks;
			sourceTree = "<group>";
		};
		CF98923B29E94084008F876A /* ReadBooks */ = {
			isa = PBXGroup;
			children = (
				CF98923F29E94212008F876A /* ReadBooksViewController.swift */,
			);
			path = ReadBooks;
			sourceTree = "<group>";
		};
		CF98923C29E9409A008F876A /* Setting */ = {
			isa = PBXGroup;
			children = (
				CF98924129E94232008F876A /* SettingViewController.swift */,
				CFF8074929ECD2E400402CCD /* LoginInformationView.swift */,
			);
			path = Setting;
			sourceTree = "<group>";
		};
		CFC5911529ECE620005025C1 /* Extension+ */ = {
			isa = PBXGroup;
			children = (
				CFC5911629ECE638005025C1 /* UITextField+.swift */,
				CFC5911B29ED0980005025C1 /* UIApplication+.swift */,
			);
			path = "Extension+";
			sourceTree = "<group>";
		};
		CFC5911829ECFEBF005025C1 /* Shared */ = {
			isa = PBXGroup;
			children = (
				CFC5911929ECFED7005025C1 /* RegExOfTextField.swift */,
				CFC5912229ED3749005025C1 /* PdfList.swift */,
			);
			path = Shared;
			sourceTree = "<group>";
		};
		CFC5911D29ED0D2C005025C1 /* Managers */ = {
			isa = PBXGroup;
			children = (
				CFC5911E29ED0D3C005025C1 /* FirebaseAuthManager.swift */,
			);
			path = Managers;
			sourceTree = "<group>";
		};
/* End PBXGroup section */

/* Begin PBXNativeTarget section */
		CF98922029E93318008F876A /* Hongbrary */ = {
			isa = PBXNativeTarget;
			buildConfigurationList = CF98923529E93319008F876A /* Build configuration list for PBXNativeTarget "Hongbrary" */;
			buildPhases = (
				6EC9D4BB2A8D222A3F384F9A /* [CP] Check Pods Manifest.lock */,
				CF98921D29E93318008F876A /* Sources */,
				CF98921E29E93318008F876A /* Frameworks */,
				CF98921F29E93318008F876A /* Resources */,
				44C4CDAB986F856FBBFC1FB3 /* [CP] Embed Pods Frameworks */,
			);
			buildRules = (
			);
			dependencies = (
			);
			name = Hongbrary;
			productName = Hongbrary;
			productReference = CF98922129E93318008F876A /* Hongbrary.app */;
			productType = "com.apple.product-type.application";
		};
/* End PBXNativeTarget section */

/* Begin PBXProject section */
		CF98921929E93318008F876A /* Project object */ = {
			isa = PBXProject;
			attributes = {
				BuildIndependentTargetsInParallel = 1;
				LastSwiftUpdateCheck = 1420;
				LastUpgradeCheck = 1420;
				TargetAttributes = {
					CF98922029E93318008F876A = {
						CreatedOnToolsVersion = 14.2;
					};
				};
			};
			buildConfigurationList = CF98921C29E93318008F876A /* Build configuration list for PBXProject "Hongbrary" */;
			compatibilityVersion = "Xcode 14.0";
			developmentRegion = en;
			hasScannedForEncodings = 0;
			knownRegions = (
				en,
				Base,
			);
			mainGroup = CF98921829E93318008F876A;
			productRefGroup = CF98922229E93318008F876A /* Products */;
			projectDirPath = "";
			projectRoot = "";
			targets = (
				CF98922029E93318008F876A /* Hongbrary */,
			);
		};
/* End PBXProject section */

/* Begin PBXResourcesBuildPhase section */
		CF98921F29E93318008F876A /* Resources */ = {
			isa = PBXResourcesBuildPhase;
			buildActionMask = 2147483647;
			files = (
				CF98923129E93319008F876A /* LaunchScreen.storyboard in Resources */,
				CF98922E29E93319008F876A /* Assets.xcassets in Resources */,
				CFF8074C29ECDCAD00402CCD /* GoogleService-Info.plist in Resources */,
			);
			runOnlyForDeploymentPostprocessing = 0;
		};
/* End PBXResourcesBuildPhase section */

/* Begin PBXShellScriptBuildPhase section */
		44C4CDAB986F856FBBFC1FB3 /* [CP] Embed Pods Frameworks */ = {
			isa = PBXShellScriptBuildPhase;
			buildActionMask = 2147483647;
			files = (
			);
			inputFileListPaths = (
				"${PODS_ROOT}/Target Support Files/Pods-Hongbrary/Pods-Hongbrary-frameworks-${CONFIGURATION}-input-files.xcfilelist",
			);
			name = "[CP] Embed Pods Frameworks";
			outputFileListPaths = (
				"${PODS_ROOT}/Target Support Files/Pods-Hongbrary/Pods-Hongbrary-frameworks-${CONFIGURATION}-output-files.xcfilelist",
			);
			runOnlyForDeploymentPostprocessing = 0;
			shellPath = /bin/sh;
			shellScript = "\"${PODS_ROOT}/Target Support Files/Pods-Hongbrary/Pods-Hongbrary-frameworks.sh\"\n";
			showEnvVarsInLog = 0;
		};
		6EC9D4BB2A8D222A3F384F9A /* [CP] Check Pods Manifest.lock */ = {
			isa = PBXShellScriptBuildPhase;
			buildActionMask = 2147483647;
			files = (
			);
			inputFileListPaths = (
			);
			inputPaths = (
				"${PODS_PODFILE_DIR_PATH}/Podfile.lock",
				"${PODS_ROOT}/Manifest.lock",
			);
			name = "[CP] Check Pods Manifest.lock";
			outputFileListPaths = (
			);
			outputPaths = (
				"$(DERIVED_FILE_DIR)/Pods-Hongbrary-checkManifestLockResult.txt",
			);
			runOnlyForDeploymentPostprocessing = 0;
			shellPath = /bin/sh;
			shellScript = "diff \"${PODS_PODFILE_DIR_PATH}/Podfile.lock\" \"${PODS_ROOT}/Manifest.lock\" > /dev/null\nif [ $? != 0 ] ; then\n    # print error to STDERR\n    echo \"error: The sandbox is not in sync with the Podfile.lock. Run 'pod install' or update your CocoaPods installation.\" >&2\n    exit 1\nfi\n# This output is used by Xcode 'outputs' to avoid re-running this script phase.\necho \"SUCCESS\" > \"${SCRIPT_OUTPUT_FILE_0}\"\n";
			showEnvVarsInLog = 0;
		};
/* End PBXShellScriptBuildPhase section */

/* Begin PBXSourcesBuildPhase section */
		CF98921D29E93318008F876A /* Sources */ = {
			isa = PBXSourcesBuildPhase;
			buildActionMask = 2147483647;
			files = (
				CFC5911429ECDFB2005025C1 /* LoginViewController.swift in Sources */,
				CFC5912329ED3749005025C1 /* PdfList.swift in Sources */,
				CFC5911729ECE638005025C1 /* UITextField+.swift in Sources */,
				CF98922929E93318008F876A /* MainTabbarController.swift in Sources */,
				CF98923E29E940EF008F876A /* AllBooksViewController.swift in Sources */,
				CF98922529E93318008F876A /* AppDelegate.swift in Sources */,
				CF98922729E93318008F876A /* SceneDelegate.swift in Sources */,
				CF98924029E94212008F876A /* ReadBooksViewController.swift in Sources */,
				CFF8074829ECC2E400402CCD /* BooksCollectionViewCell.swift in Sources */,
				CFC5912129ED25F6005025C1 /* SignUpViewController.swift in Sources */,
				CFC5911C29ED0980005025C1 /* UIApplication+.swift in Sources */,
				CF98924229E94232008F876A /* SettingViewController.swift in Sources */,
				CFC5911F29ED0D3C005025C1 /* FirebaseAuthManager.swift in Sources */,
				CFC5911A29ECFED7005025C1 /* RegExOfTextField.swift in Sources */,
				CFF8074A29ECD2E400402CCD /* LoginInformationView.swift in Sources */,
			);
			runOnlyForDeploymentPostprocessing = 0;
		};
/* End PBXSourcesBuildPhase section */

/* Begin PBXVariantGroup section */
		CF98922F29E93319008F876A /* LaunchScreen.storyboard */ = {
			isa = PBXVariantGroup;
			children = (
				CF98923029E93319008F876A /* Base */,
			);
			name = LaunchScreen.storyboard;
			sourceTree = "<group>";
		};
/* End PBXVariantGroup section */

/* Begin XCBuildConfiguration section */
		CF98923329E93319008F876A /* Debug */ = {
			isa = XCBuildConfiguration;
			buildSettings = {
				ALWAYS_SEARCH_USER_PATHS = NO;
				CLANG_ANALYZER_NONNULL = YES;
				CLANG_ANALYZER_NUMBER_OBJECT_CONVERSION = YES_AGGRESSIVE;
				CLANG_CXX_LANGUAGE_STANDARD = "gnu++20";
				CLANG_ENABLE_MODULES = YES;
				CLANG_ENABLE_OBJC_ARC = YES;
				CLANG_ENABLE_OBJC_WEAK = YES;
				CLANG_WARN_BLOCK_CAPTURE_AUTORELEASING = YES;
				CLANG_WARN_BOOL_CONVERSION = YES;
				CLANG_WARN_COMMA = YES;
				CLANG_WARN_CONSTANT_CONVERSION = YES;
				CLANG_WARN_DEPRECATED_OBJC_IMPLEMENTATIONS = YES;
				CLANG_WARN_DIRECT_OBJC_ISA_USAGE = YES_ERROR;
				CLANG_WARN_DOCUMENTATION_COMMENTS = YES;
				CLANG_WARN_EMPTY_BODY = YES;
				CLANG_WARN_ENUM_CONVERSION = YES;
				CLANG_WARN_INFINITE_RECURSION = YES;
				CLANG_WARN_INT_CONVERSION = YES;
				CLANG_WARN_NON_LITERAL_NULL_CONVERSION = YES;
				CLANG_WARN_OBJC_IMPLICIT_RETAIN_SELF = YES;
				CLANG_WARN_OBJC_LITERAL_CONVERSION = YES;
				CLANG_WARN_OBJC_ROOT_CLASS = YES_ERROR;
				CLANG_WARN_QUOTED_INCLUDE_IN_FRAMEWORK_HEADER = YES;
				CLANG_WARN_RANGE_LOOP_ANALYSIS = YES;
				CLANG_WARN_STRICT_PROTOTYPES = YES;
				CLANG_WARN_SUSPICIOUS_MOVE = YES;
				CLANG_WARN_UNGUARDED_AVAILABILITY = YES_AGGRESSIVE;
				CLANG_WARN_UNREACHABLE_CODE = YES;
				CLANG_WARN__DUPLICATE_METHOD_MATCH = YES;
				COPY_PHASE_STRIP = NO;
				DEBUG_INFORMATION_FORMAT = dwarf;
				ENABLE_STRICT_OBJC_MSGSEND = YES;
				ENABLE_TESTABILITY = YES;
				GCC_C_LANGUAGE_STANDARD = gnu11;
				GCC_DYNAMIC_NO_PIC = NO;
				GCC_NO_COMMON_BLOCKS = YES;
				GCC_OPTIMIZATION_LEVEL = 0;
				GCC_PREPROCESSOR_DEFINITIONS = (
					"DEBUG=1",
					"$(inherited)",
				);
				GCC_WARN_64_TO_32_BIT_CONVERSION = YES;
				GCC_WARN_ABOUT_RETURN_TYPE = YES_ERROR;
				GCC_WARN_UNDECLARED_SELECTOR = YES;
				GCC_WARN_UNINITIALIZED_AUTOS = YES_AGGRESSIVE;
				GCC_WARN_UNUSED_FUNCTION = YES;
				GCC_WARN_UNUSED_VARIABLE = YES;
				IPHONEOS_DEPLOYMENT_TARGET = 16.2;
				MTL_ENABLE_DEBUG_INFO = INCLUDE_SOURCE;
				MTL_FAST_MATH = YES;
				ONLY_ACTIVE_ARCH = YES;
				SDKROOT = iphoneos;
				SWIFT_ACTIVE_COMPILATION_CONDITIONS = DEBUG;
				SWIFT_OPTIMIZATION_LEVEL = "-Onone";
			};
			name = Debug;
		};
		CF98923429E93319008F876A /* Release */ = {
			isa = XCBuildConfiguration;
			buildSettings = {
				ALWAYS_SEARCH_USER_PATHS = NO;
				CLANG_ANALYZER_NONNULL = YES;
				CLANG_ANALYZER_NUMBER_OBJECT_CONVERSION = YES_AGGRESSIVE;
				CLANG_CXX_LANGUAGE_STANDARD = "gnu++20";
				CLANG_ENABLE_MODULES = YES;
				CLANG_ENABLE_OBJC_ARC = YES;
				CLANG_ENABLE_OBJC_WEAK = YES;
				CLANG_WARN_BLOCK_CAPTURE_AUTORELEASING = YES;
				CLANG_WARN_BOOL_CONVERSION = YES;
				CLANG_WARN_COMMA = YES;
				CLANG_WARN_CONSTANT_CONVERSION = YES;
				CLANG_WARN_DEPRECATED_OBJC_IMPLEMENTATIONS = YES;
				CLANG_WARN_DIRECT_OBJC_ISA_USAGE = YES_ERROR;
				CLANG_WARN_DOCUMENTATION_COMMENTS = YES;
				CLANG_WARN_EMPTY_BODY = YES;
				CLANG_WARN_ENUM_CONVERSION = YES;
				CLANG_WARN_INFINITE_RECURSION = YES;
				CLANG_WARN_INT_CONVERSION = YES;
				CLANG_WARN_NON_LITERAL_NULL_CONVERSION = YES;
				CLANG_WARN_OBJC_IMPLICIT_RETAIN_SELF = YES;
				CLANG_WARN_OBJC_LITERAL_CONVERSION = YES;
				CLANG_WARN_OBJC_ROOT_CLASS = YES_ERROR;
				CLANG_WARN_QUOTED_INCLUDE_IN_FRAMEWORK_HEADER = YES;
				CLANG_WARN_RANGE_LOOP_ANALYSIS = YES;
				CLANG_WARN_STRICT_PROTOTYPES = YES;
				CLANG_WARN_SUSPICIOUS_MOVE = YES;
				CLANG_WARN_UNGUARDED_AVAILABILITY = YES_AGGRESSIVE;
				CLANG_WARN_UNREACHABLE_CODE = YES;
				CLANG_WARN__DUPLICATE_METHOD_MATCH = YES;
				COPY_PHASE_STRIP = NO;
				DEBUG_INFORMATION_FORMAT = "dwarf-with-dsym";
				ENABLE_NS_ASSERTIONS = NO;
				ENABLE_STRICT_OBJC_MSGSEND = YES;
				GCC_C_LANGUAGE_STANDARD = gnu11;
				GCC_NO_COMMON_BLOCKS = YES;
				GCC_WARN_64_TO_32_BIT_CONVERSION = YES;
				GCC_WARN_ABOUT_RETURN_TYPE = YES_ERROR;
				GCC_WARN_UNDECLARED_SELECTOR = YES;
				GCC_WARN_UNINITIALIZED_AUTOS = YES_AGGRESSIVE;
				GCC_WARN_UNUSED_FUNCTION = YES;
				GCC_WARN_UNUSED_VARIABLE = YES;
				IPHONEOS_DEPLOYMENT_TARGET = 16.2;
				MTL_ENABLE_DEBUG_INFO = NO;
				MTL_FAST_MATH = YES;
				SDKROOT = iphoneos;
				SWIFT_COMPILATION_MODE = wholemodule;
				SWIFT_OPTIMIZATION_LEVEL = "-O";
				VALIDATE_PRODUCT = YES;
			};
			name = Release;
		};
		CF98923629E93319008F876A /* Debug */ = {
			isa = XCBuildConfiguration;
			baseConfigurationReference = F6694E284DB1A5F26C7CD5B3 /* Pods-Hongbrary.debug.xcconfig */;
			buildSettings = {
				ASSETCATALOG_COMPILER_APPICON_NAME = AppIcon;
				ASSETCATALOG_COMPILER_GLOBAL_ACCENT_COLOR_NAME = AccentColor;
				CODE_SIGN_STYLE = Automatic;
				CURRENT_PROJECT_VERSION = 1;
				DEVELOPMENT_TEAM = UY9DAXUW36;
				GENERATE_INFOPLIST_FILE = YES;
				INFOPLIST_FILE = Hongbrary/Info.plist;
				INFOPLIST_KEY_LSApplicationCategoryType = "public.app-category.books";
				INFOPLIST_KEY_UIApplicationSupportsIndirectInputEvents = YES;
				INFOPLIST_KEY_UILaunchStoryboardName = LaunchScreen;
				INFOPLIST_KEY_UISupportedInterfaceOrientations = "UIInterfaceOrientationLandscapeLeft UIInterfaceOrientationLandscapeRight UIInterfaceOrientationPortrait";
				INFOPLIST_KEY_UISupportedInterfaceOrientations_iPad = "UIInterfaceOrientationLandscapeLeft UIInterfaceOrientationLandscapeRight UIInterfaceOrientationPortrait UIInterfaceOrientationPortraitUpsideDown";
				IPHONEOS_DEPLOYMENT_TARGET = 15.0;
				LD_RUNPATH_SEARCH_PATHS = (
					"$(inherited)",
					"@executable_path/Frameworks",
				);
				MARKETING_VERSION = 1.0;
				PRODUCT_BUNDLE_IDENTIFIER = develop.jeongmin.Hongbrary;
				PRODUCT_NAME = "$(TARGET_NAME)";
				SWIFT_EMIT_LOC_STRINGS = YES;
				SWIFT_VERSION = 5.0;
				TARGETED_DEVICE_FAMILY = "1,2";
			};
			name = Debug;
		};
		CF98923729E93319008F876A /* Release */ = {
			isa = XCBuildConfiguration;
			baseConfigurationReference = A9DE5918698D894A9484B50D /* Pods-Hongbrary.release.xcconfig */;
			buildSettings = {
				ASSETCATALOG_COMPILER_APPICON_NAME = AppIcon;
				ASSETCATALOG_COMPILER_GLOBAL_ACCENT_COLOR_NAME = AccentColor;
				CODE_SIGN_STYLE = Automatic;
				CURRENT_PROJECT_VERSION = 1;
				DEVELOPMENT_TEAM = UY9DAXUW36;
				GENERATE_INFOPLIST_FILE = YES;
				INFOPLIST_FILE = Hongbrary/Info.plist;
				INFOPLIST_KEY_LSApplicationCategoryType = "public.app-category.books";
				INFOPLIST_KEY_UIApplicationSupportsIndirectInputEvents = YES;
				INFOPLIST_KEY_UILaunchStoryboardName = LaunchScreen;
				INFOPLIST_KEY_UISupportedInterfaceOrientations = "UIInterfaceOrientationLandscapeLeft UIInterfaceOrientationLandscapeRight UIInterfaceOrientationPortrait";
				INFOPLIST_KEY_UISupportedInterfaceOrientations_iPad = "UIInterfaceOrientationLandscapeLeft UIInterfaceOrientationLandscapeRight UIInterfaceOrientationPortrait UIInterfaceOrientationPortraitUpsideDown";
				IPHONEOS_DEPLOYMENT_TARGET = 15.0;
				LD_RUNPATH_SEARCH_PATHS = (
					"$(inherited)",
					"@executable_path/Frameworks",
				);
				MARKETING_VERSION = 1.0;
				PRODUCT_BUNDLE_IDENTIFIER = develop.jeongmin.Hongbrary;
				PRODUCT_NAME = "$(TARGET_NAME)";
				SWIFT_EMIT_LOC_STRINGS = YES;
				SWIFT_VERSION = 5.0;
				TARGETED_DEVICE_FAMILY = "1,2";
			};
			name = Release;
		};
/* End XCBuildConfiguration section */

/* Begin XCConfigurationList section */
		CF98921C29E93318008F876A /* Build configuration list for PBXProject "Hongbrary" */ = {
			isa = XCConfigurationList;
			buildConfigurations = (
				CF98923329E93319008F876A /* Debug */,
				CF98923429E93319008F876A /* Release */,
			);
			defaultConfigurationIsVisible = 0;
			defaultConfigurationName = Release;
		};
		CF98923529E93319008F876A /* Build configuration list for PBXNativeTarget "Hongbrary" */ = {
			isa = XCConfigurationList;
			buildConfigurations = (
				CF98923629E93319008F876A /* Debug */,
				CF98923729E93319008F876A /* Release */,
			);
			defaultConfigurationIsVisible = 0;
			defaultConfigurationName = Release;
		};
/* End XCConfigurationList section */
	};
	rootObject = CF98921929E93318008F876A /* Project object */;
}
